
Microsoft Visual Studio Solution File, Format Version 12.00
# Visual Studio Version 17
VisualStudioVersion = 17.0.31903.59
MinimumVisualStudioVersion = 10.0.40219.1
Project("{FAE04EC0-301F-11D3-BF4B-00C04F79EFBC}") = "Fluy.Domain", "Fluy.Domain\Fluy.Domain.csproj", "{CDA3B094-F88E-49DE-A7C7-A904FB850F68}"
EndProject
Project("{FAE04EC0-301F-11D3-BF4B-00C04F79EFBC}") = "Fluy.Application", "Fluy.Application\Fluy.Application.csproj", "{F01FD245-0AC4-4E64-9A17-B148BC5EFAB0}"
EndProject
Project("{FAE04EC0-301F-11D3-BF4B-00C04F79EFBC}") = "Fluy.Infrastructure", "Fluy.Infrastructure\Fluy.Infrastructure.csproj", "{2A743EC5-1F7D-4F7B-A5A5-DE0B72C84283}"
EndProject
Project("{FAE04EC0-301F-11D3-BF4B-00C04F79EFBC}") = "Fluy.Api", "Fluy.Api\Fluy.Api.csproj", "{D3F40110-3203-4D39-8B25-1E9A4B49ACD3}"
EndProject
Project("{FAE04EC0-301F-11D3-BF4B-00C04F79EFBC}") = "Fluy.Test", "..\test\Fluy.Test\Fluy.Test.csproj", "{BA402EB3-324A-44C8-85C1-18AC226C26E3}"
EndProject
Project("{FAE04EC0-301F-11D3-BF4B-00C04F79EFBC}") = "Fluy.SharedKernel", "..\..\shared\Fluy.SharedKernel\Fluy.SharedKernel.csproj", "{3347153C-0AD7-4654-B9F4-6626AFC8B3E1}"
EndProject
Project("{2150E333-8FDC-42A3-9474-1A3956D46DE8}") = "src", "src", "{88A765D7-7D4D-4A35-B848-308719CD0965}"
EndProject
Project("{2150E333-8FDC-42A3-9474-1A3956D46DE8}") = "test", "test", "{04F0DC09-8BD0-4CB6-8D62-1264B95BE4D0}"
EndProject
Project("{2150E333-8FDC-42A3-9474-1A3956D46DE8}") = "shared", "shared", "{B77E14A2-654F-4929-ABED-4837D1636CAE}"
EndProject
Global
	GlobalSection(SolutionConfigurationPlatforms) = preSolution
		Debug|Any CPU = Debug|Any CPU
		Debug|x64 = Debug|x64
		Debug|x86 = Debug|x86
		Release|Any CPU = Release|Any CPU
		Release|x64 = Release|x64
		Release|x86 = Release|x86
	EndGlobalSection
	GlobalSection(ProjectConfigurationPlatforms) = postSolution
		{CDA3B094-F88E-49DE-A7C7-A904FB850F68}.Debug|Any CPU.ActiveCfg = Debug|Any CPU
		{CDA3B094-F88E-49DE-A7C7-A904FB850F68}.Debug|Any CPU.Build.0 = Debug|Any CPU
		{CDA3B094-F88E-49DE-A7C7-A904FB850F68}.Debug|x64.ActiveCfg = Debug|Any CPU
		{CDA3B094-F88E-49DE-A7C7-A904FB850F68}.Debug|x64.Build.0 = Debug|Any CPU
		{CDA3B094-F88E-49DE-A7C7-A904FB850F68}.Debug|x86.ActiveCfg = Debug|Any CPU
		{CDA3B094-F88E-49DE-A7C7-A904FB850F68}.Debug|x86.Build.0 = Debug|Any CPU
		{CDA3B094-F88E-49DE-A7C7-A904FB850F68}.Release|Any CPU.ActiveCfg = Release|Any CPU
		{CDA3B094-F88E-49DE-A7C7-A904FB850F68}.Release|Any CPU.Build.0 = Release|Any CPU
		{CDA3B094-F88E-49DE-A7C7-A904FB850F68}.Release|x64.ActiveCfg = Release|Any CPU
		{CDA3B094-F88E-49DE-A7C7-A904FB850F68}.Release|x64.Build.0 = Release|Any CPU
		{CDA3B094-F88E-49DE-A7C7-A904FB850F68}.Release|x86.ActiveCfg = Release|Any CPU
		{CDA3B094-F88E-49DE-A7C7-A904FB850F68}.Release|x86.Build.0 = Release|Any CPU
		{F01FD245-0AC4-4E64-9A17-B148BC5EFAB0}.Debug|Any CPU.ActiveCfg = Debug|Any CPU
		{F01FD245-0AC4-4E64-9A17-B148BC5EFAB0}.Debug|Any CPU.Build.0 = Debug|Any CPU
		{F01FD245-0AC4-4E64-9A17-B148BC5EFAB0}.Debug|x64.ActiveCfg = Debug|Any CPU
		{F01FD245-0AC4-4E64-9A17-B148BC5EFAB0}.Debug|x64.Build.0 = Debug|Any CPU
		{F01FD245-0AC4-4E64-9A17-B148BC5EFAB0}.Debug|x86.ActiveCfg = Debug|Any CPU
		{F01FD245-0AC4-4E64-9A17-B148BC5EFAB0}.Debug|x86.Build.0 = Debug|Any CPU
		{F01FD245-0AC4-4E64-9A17-B148BC5EFAB0}.Release|Any CPU.ActiveCfg = Release|Any CPU
		{F01FD245-0AC4-4E64-9A17-B148BC5EFAB0}.Release|Any CPU.Build.0 = Release|Any CPU
		{F01FD245-0AC4-4E64-9A17-B148BC5EFAB0}.Release|x64.ActiveCfg = Release|Any CPU
		{F01FD245-0AC4-4E64-9A17-B148BC5EFAB0}.Release|x64.Build.0 = Release|Any CPU
		{F01FD245-0AC4-4E64-9A17-B148BC5EFAB0}.Release|x86.ActiveCfg = Release|Any CPU
		{F01FD245-0AC4-4E64-9A17-B148BC5EFAB0}.Release|x86.Build.0 = Release|Any CPU
		{2A743EC5-1F7D-4F7B-A5A5-DE0B72C84283}.Debug|Any CPU.ActiveCfg = Debug|Any CPU
		{2A743EC5-1F7D-4F7B-A5A5-DE0B72C84283}.Debug|Any CPU.Build.0 = Debug|Any CPU
		{2A743EC5-1F7D-4F7B-A5A5-DE0B72C84283}.Debug|x64.ActiveCfg = Debug|Any CPU
		{2A743EC5-1F7D-4F7B-A5A5-DE0B72C84283}.Debug|x64.Build.0 = Debug|Any CPU
		{2A743EC5-1F7D-4F7B-A5A5-DE0B72C84283}.Debug|x86.ActiveCfg = Debug|Any CPU
		{2A743EC5-1F7D-4F7B-A5A5-DE0B72C84283}.Debug|x86.Build.0 = Debug|Any CPU
		{2A743EC5-1F7D-4F7B-A5A5-DE0B72C84283}.Release|Any CPU.ActiveCfg = Release|Any CPU
		{2A743EC5-1F7D-4F7B-A5A5-DE0B72C84283}.Release|Any CPU.Build.0 = Release|Any CPU
		{2A743EC5-1F7D-4F7B-A5A5-DE0B72C84283}.Release|x64.ActiveCfg = Release|Any CPU
		{2A743EC5-1F7D-4F7B-A5A5-DE0B72C84283}.Release|x64.Build.0 = Release|Any CPU
		{2A743EC5-1F7D-4F7B-A5A5-DE0B72C84283}.Release|x86.ActiveCfg = Release|Any CPU
		{2A743EC5-1F7D-4F7B-A5A5-DE0B72C84283}.Release|x86.Build.0 = Release|Any CPU
		{D3F40110-3203-4D39-8B25-1E9A4B49ACD3}.Debug|Any CPU.ActiveCfg = Debug|Any CPU
		{D3F40110-3203-4D39-8B25-1E9A4B49ACD3}.Debug|Any CPU.Build.0 = Debug|Any CPU
		{D3F40110-3203-4D39-8B25-1E9A4B49ACD3}.Debug|x64.ActiveCfg = Debug|Any CPU
		{D3F40110-3203-4D39-8B25-1E9A4B49ACD3}.Debug|x64.Build.0 = Debug|Any CPU
		{D3F40110-3203-4D39-8B25-1E9A4B49ACD3}.Debug|x86.ActiveCfg = Debug|Any CPU
		{D3F40110-3203-4D39-8B25-1E9A4B49ACD3}.Debug|x86.Build.0 = Debug|Any CPU
		{D3F40110-3203-4D39-8B25-1E9A4B49ACD3}.Release|Any CPU.ActiveCfg = Release|Any CPU
		{D3F40110-3203-4D39-8B25-1E9A4B49ACD3}.Release|Any CPU.Build.0 = Release|Any CPU
		{D3F40110-3203-4D39-8B25-1E9A4B49ACD3}.Release|x64.ActiveCfg = Release|Any CPU
		{D3F40110-3203-4D39-8B25-1E9A4B49ACD3}.Release|x64.Build.0 = Release|Any CPU
		{D3F40110-3203-4D39-8B25-1E9A4B49ACD3}.Release|x86.ActiveCfg = Release|Any CPU
		{D3F40110-3203-4D39-8B25-1E9A4B49ACD3}.Release|x86.Build.0 = Release|Any CPU
		{BA402EB3-324A-44C8-85C1-18AC226C26E3}.Debug|Any CPU.ActiveCfg = Debug|Any CPU
		{BA402EB3-324A-44C8-85C1-18AC226C26E3}.Debug|Any CPU.Build.0 = Debug|Any CPU
		{BA402EB3-324A-44C8-85C1-18AC226C26E3}.Debug|x64.ActiveCfg = Debug|Any CPU
		{BA402EB3-324A-44C8-85C1-18AC226C26E3}.Debug|x64.Build.0 = Debug|Any CPU
		{BA402EB3-324A-44C8-85C1-18AC226C26E3}.Debug|x86.ActiveCfg = Debug|Any CPU
		{BA402EB3-324A-44C8-85C1-18AC226C26E3}.Debug|x86.Build.0 = Debug|Any CPU
		{BA402EB3-324A-44C8-85C1-18AC226C26E3}.Release|Any CPU.ActiveCfg = Release|Any CPU
		{BA402EB3-324A-44C8-85C1-18AC226C26E3}.Release|Any CPU.Build.0 = Release|Any CPU
		{BA402EB3-324A-44C8-85C1-18AC226C26E3}.Release|x64.ActiveCfg = Release|Any CPU
		{BA402EB3-324A-44C8-85C1-18AC226C26E3}.Release|x64.Build.0 = Release|Any CPU
		{BA402EB3-324A-44C8-85C1-18AC226C26E3}.Release|x86.ActiveCfg = Release|Any CPU
		{BA402EB3-324A-44C8-85C1-18AC226C26E3}.Release|x86.Build.0 = Release|Any CPU
		{3347153C-0AD7-4654-B9F4-6626AFC8B3E1}.Debug|Any CPU.ActiveCfg = Debug|Any CPU
		{3347153C-0AD7-4654-B9F4-6626AFC8B3E1}.Debug|Any CPU.Build.0 = Debug|Any CPU
		{3347153C-0AD7-4654-B9F4-6626AFC8B3E1}.Debug|x64.ActiveCfg = Debug|Any CPU
		{3347153C-0AD7-4654-B9F4-6626AFC8B3E1}.Debug|x64.Build.0 = Debug|Any CPU
		{3347153C-0AD7-4654-B9F4-6626AFC8B3E1}.Debug|x86.ActiveCfg = Debug|Any CPU
		{3347153C-0AD7-4654-B9F4-6626AFC8B3E1}.Debug|x86.Build.0 = Debug|Any CPU
		{3347153C-0AD7-4654-B9F4-6626AFC8B3E1}.Release|Any CPU.ActiveCfg = Release|Any CPU
		{3347153C-0AD7-4654-B9F4-6626AFC8B3E1}.Release|Any CPU.Build.0 = Release|Any CPU
		{3347153C-0AD7-4654-B9F4-6626AFC8B3E1}.Release|x64.ActiveCfg = Release|Any CPU
		{3347153C-0AD7-4654-B9F4-6626AFC8B3E1}.Release|x64.Build.0 = Release|Any CPU
		{3347153C-0AD7-4654-B9F4-6626AFC8B3E1}.Release|x86.ActiveCfg = Release|Any CPU
		{3347153C-0AD7-4654-B9F4-6626AFC8B3E1}.Release|x86.Build.0 = Release|Any CPU
	EndGlobalSection
	GlobalSection(SolutionProperties) = preSolution
		HideSolutionNode = FALSE
	EndGlobalSection
	GlobalSection(NestedProjects) = preSolution
		{CDA3B094-F88E-49DE-A7C7-A904FB850F68} = {88A765D7-7D4D-4A35-B848-308719CD0965}
		{F01FD245-0AC4-4E64-9A17-B148BC5EFAB0} = {88A765D7-7D4D-4A35-B848-308719CD0965}
		{2A743EC5-1F7D-4F7B-A5A5-DE0B72C84283} = {88A765D7-7D4D-4A35-B848-308719CD0965}
		{D3F40110-3203-4D39-8B25-1E9A4B49ACD3} = {88A765D7-7D4D-4A35-B848-308719CD0965}
		{BA402EB3-324A-44C8-85C1-18AC226C26E3} = {04F0DC09-8BD0-4CB6-8D62-1264B95BE4D0}
		{3347153C-0AD7-4654-B9F4-6626AFC8B3E1} = {B77E14A2-654F-4929-ABED-4837D1636CAE}
		{88A765D7-7D4D-4A35-B848-308719CD0965} = {04F0DC09-8BD0-4CB6-8D62-1264B95BE4D0}
	EndGlobalSection
EndGlobal
